
Microsoft Visual Studio Solution File, Format Version 12.00
# Visual Studio Version 17
VisualStudioVersion = 17.8.34525.116
MinimumVisualStudioVersion = 10.0.40219.1
Project("{9A19103F-16F7-4668-BE54-9A1E7A4F7556}") = "AppointEase.AspNetCore", "AppointEase.AspNetCore.csproj", "{1C566402-C1D5-4128-8CFE-6DF09C349895}"
EndProject
Project("{9A19103F-16F7-4668-BE54-9A1E7A4F7556}") = "AppointEase.Application", "..\AppointEase.Application\AppointEase.Application.csproj", "{7C00A1F7-A162-4477-BF5B-9F6A53547BCA}"
EndProject
Project("{9A19103F-16F7-4668-BE54-9A1E7A4F7556}") = "AppointEase.Application.Contracts", "..\AppointEase.Application.Contracts\AppointEase.Application.Contracts.csproj", "{E99E44FC-B23C-4EDB-9164-A0CFA1E81385}"
EndProject
Project("{9A19103F-16F7-4668-BE54-9A1E7A4F7556}") = "AppointEase.Data", "..\AppointEase.Data\AppointEase.Data.csproj", "{5C88E2CE-2E39-43E0-B2F4-A09872D7DD64}"
EndProject
Project("{9A19103F-16F7-4668-BE54-9A1E7A4F7556}") = "AppointEase.Data.Contracts", "..\AppointEase.Data.Contracts\AppointEase.Data.Contracts.csproj", "{662F733C-9953-473D-A4B6-D3DB7F139345}"
EndProject
Global
	GlobalSection(SolutionConfigurationPlatforms) = preSolution
		Debug|Any CPU = Debug|Any CPU
		Release|Any CPU = Release|Any CPU
	EndGlobalSection
	GlobalSection(ProjectConfigurationPlatforms) = postSolution
		{1C566402-C1D5-4128-8CFE-6DF09C349895}.Debug|Any CPU.ActiveCfg = Debug|Any CPU
		{1C566402-C1D5-4128-8CFE-6DF09C349895}.Debug|Any CPU.Build.0 = Debug|Any CPU
		{1C566402-C1D5-4128-8CFE-6DF09C349895}.Release|Any CPU.ActiveCfg = Release|Any CPU
		{1C566402-C1D5-4128-8CFE-6DF09C349895}.Release|Any CPU.Build.0 = Release|Any CPU
		{7C00A1F7-A162-4477-BF5B-9F6A53547BCA}.Debug|Any CPU.ActiveCfg = Debug|Any CPU
		{7C00A1F7-A162-4477-BF5B-9F6A53547BCA}.Debug|Any CPU.Build.0 = Debug|Any CPU
		{7C00A1F7-A162-4477-BF5B-9F6A53547BCA}.Release|Any CPU.ActiveCfg = Release|Any CPU
		{7C00A1F7-A162-4477-BF5B-9F6A53547BCA}.Release|Any CPU.Build.0 = Release|Any CPU
		{E99E44FC-B23C-4EDB-9164-A0CFA1E81385}.Debug|Any CPU.ActiveCfg = Debug|Any CPU
		{E99E44FC-B23C-4EDB-9164-A0CFA1E81385}.Debug|Any CPU.Build.0 = Debug|Any CPU
		{E99E44FC-B23C-4EDB-9164-A0CFA1E81385}.Release|Any CPU.ActiveCfg = Release|Any CPU
		{E99E44FC-B23C-4EDB-9164-A0CFA1E81385}.Release|Any CPU.Build.0 = Release|Any CPU
		{5C88E2CE-2E39-43E0-B2F4-A09872D7DD64}.Debug|Any CPU.ActiveCfg = Debug|Any CPU
		{5C88E2CE-2E39-43E0-B2F4-A09872D7DD64}.Debug|Any CPU.Build.0 = Debug|Any CPU
		{5C88E2CE-2E39-43E0-B2F4-A09872D7DD64}.Release|Any CPU.ActiveCfg = Release|Any CPU
		{5C88E2CE-2E39-43E0-B2F4-A09872D7DD64}.Release|Any CPU.Build.0 = Release|Any CPU
		{662F733C-9953-473D-A4B6-D3DB7F139345}.Debug|Any CPU.ActiveCfg = Debug|Any CPU
		{662F733C-9953-473D-A4B6-D3DB7F139345}.Debug|Any CPU.Build.0 = Debug|Any CPU
		{662F733C-9953-473D-A4B6-D3DB7F139345}.Release|Any CPU.ActiveCfg = Release|Any CPU
		{662F733C-9953-473D-A4B6-D3DB7F139345}.Release|Any CPU.Build.0 = Release|Any CPU
	EndGlobalSection
	GlobalSection(SolutionProperties) = preSolution
		HideSolutionNode = FALSE
	EndGlobalSection
	GlobalSection(ExtensibilityGlobals) = postSolution
		SolutionGuid = {7DDC0417-633E-4A3D-94FA-2BD2FF46CCD0}
	EndGlobalSection
EndGlobal
